// !$*UTF8*$!
{
	archiveVersion = 1;
	classes = {
	};
	objectVersion = 56;
	objects = {

/* Begin PBXBuildFile section */
		913B7BB52C60312B003E6D5A /* CurrencyConverterApp.swift in Sources */ = {isa = PBXBuildFile; fileRef = 913B7BB42C60312B003E6D5A /* CurrencyConverterApp.swift */; };
		913B7BB92C60312D003E6D5A /* Assets.xcassets in Resources */ = {isa = PBXBuildFile; fileRef = 913B7BB82C60312D003E6D5A /* Assets.xcassets */; };
		913B7BBC2C60312D003E6D5A /* Preview Assets.xcassets in Resources */ = {isa = PBXBuildFile; fileRef = 913B7BBB2C60312D003E6D5A /* Preview Assets.xcassets */; };
		913B7BC12C60312D003E6D5A /* CurrencyConverter.xcdatamodeld in Sources */ = {isa = PBXBuildFile; fileRef = 913B7BBF2C60312D003E6D5A /* CurrencyConverter.xcdatamodeld */; };
		913B7BCB2C60312D003E6D5A /* CurrencyConverterTests.swift in Sources */ = {isa = PBXBuildFile; fileRef = 913B7BCA2C60312D003E6D5A /* CurrencyConverterTests.swift */; };
		913B7BD52C60312D003E6D5A /* CurrencyConverterUITests.swift in Sources */ = {isa = PBXBuildFile; fileRef = 913B7BD42C60312D003E6D5A /* CurrencyConverterUITests.swift */; };
		913B7BD72C60312D003E6D5A /* CurrencyConverterUITestsLaunchTests.swift in Sources */ = {isa = PBXBuildFile; fileRef = 913B7BD62C60312D003E6D5A /* CurrencyConverterUITestsLaunchTests.swift */; };
		913B7BE42C606049003E6D5A /* AppCoordinator.swift in Sources */ = {isa = PBXBuildFile; fileRef = 913B7BE32C606049003E6D5A /* AppCoordinator.swift */; };
		913B7BF22C6063D2003E6D5A /* TabBarCoordinator.swift in Sources */ = {isa = PBXBuildFile; fileRef = 913B7BF12C6063D2003E6D5A /* TabBarCoordinator.swift */; };
		913B7BFD2C611363003E6D5A /* PersistenceController.swift in Sources */ = {isa = PBXBuildFile; fileRef = 913B7BFC2C611363003E6D5A /* PersistenceController.swift */; };
		913B7C4A2C611824003E6D5A /* ExchangeRatesTests.swift in Sources */ = {isa = PBXBuildFile; fileRef = 913B7C492C611824003E6D5A /* ExchangeRatesTests.swift */; };
		913B7CA82C624BF1003E6D5A /* APIService.swift in Sources */ = {isa = PBXBuildFile; fileRef = 913B7C7A2C61AFD1003E6D5A /* APIService.swift */; };
		913B7CB32C624C14003E6D5A /* CurrencyConverterViewController.swift in Sources */ = {isa = PBXBuildFile; fileRef = 913B7BED2C606133003E6D5A /* CurrencyConverterViewController.swift */; };
		913B7CB52C624C14003E6D5A /* CurrencyConverterCoordinator.swift in Sources */ = {isa = PBXBuildFile; fileRef = 913B7BEF2C606150003E6D5A /* CurrencyConverterCoordinator.swift */; };
		913B7CB72C624C14003E6D5A /* CurrencyConverterViewContainer.swift in Sources */ = {isa = PBXBuildFile; fileRef = 913B7C8B2C61B0CA003E6D5A /* CurrencyConverterViewContainer.swift */; };
		913B7CB82C624C14003E6D5A /* ExchangeRatesView.swift in Sources */ = {isa = PBXBuildFile; fileRef = 913B7BE72C606087003E6D5A /* ExchangeRatesView.swift */; };
		913B7CB92C624C14003E6D5A /* CurrencyConverterViewModel.swift in Sources */ = {isa = PBXBuildFile; fileRef = 913B7C8F2C61B266003E6D5A /* CurrencyConverterViewModel.swift */; };
		913B7CBA2C624C14003E6D5A /* ExchangeRate.swift in Sources */ = {isa = PBXBuildFile; fileRef = 913B7BEB2C6060D1003E6D5A /* ExchangeRate.swift */; };
		913B7CBB2C624C14003E6D5A /* ConversionResult.swift in Sources */ = {isa = PBXBuildFile; fileRef = 913B7C842C61B086003E6D5A /* ConversionResult.swift */; };
		913B7CBC2C624C14003E6D5A /* ExchangeRatesViewModel.swift in Sources */ = {isa = PBXBuildFile; fileRef = 913B7C6E2C6194A3003E6D5A /* ExchangeRatesViewModel.swift */; };
		913B7CBD2C624C14003E6D5A /* ExchangeRatesCoordinator.swift in Sources */ = {isa = PBXBuildFile; fileRef = 913B7BE52C606071003E6D5A /* ExchangeRatesCoordinator.swift */; };
		913B7CBF2C62549F003E6D5A /* ButtonPublisher.swift in Sources */ = {isa = PBXBuildFile; fileRef = 913B7CBE2C62549F003E6D5A /* ButtonPublisher.swift */; };
		913B7CC12C6254AB003E6D5A /* TextFieldPublisher.swift in Sources */ = {isa = PBXBuildFile; fileRef = 913B7CC02C6254AB003E6D5A /* TextFieldPublisher.swift */; };
		913B7CC32C6254BB003E6D5A /* UIView+Constraints.swift in Sources */ = {isa = PBXBuildFile; fileRef = 913B7CC22C6254BA003E6D5A /* UIView+Constraints.swift */; };
		913B7CD42C63C7B1003E6D5A /* Currency.swift in Sources */ = {isa = PBXBuildFile; fileRef = 913B7CD32C63C7B1003E6D5A /* Currency.swift */; };
		913B7CD62C63C7C3003E6D5A /* RemoteConfigRepository.swift in Sources */ = {isa = PBXBuildFile; fileRef = 913B7CD52C63C7C2003E6D5A /* RemoteConfigRepository.swift */; };
		913B7CE02C63CDB9003E6D5A /* LocalStorageAdapter.swift in Sources */ = {isa = PBXBuildFile; fileRef = 913B7CDF2C63CDB9003E6D5A /* LocalStorageAdapter.swift */; };
		913B7CE22C6428D5003E6D5A /* FrankfurterRepository.swift in Sources */ = {isa = PBXBuildFile; fileRef = 913B7CE12C6428D5003E6D5A /* FrankfurterRepository.swift */; };
/* End PBXBuildFile section */

/* Begin PBXContainerItemProxy section */
		913B7BC72C60312D003E6D5A /* PBXContainerItemProxy */ = {
			isa = PBXContainerItemProxy;
			containerPortal = 913B7BA92C60312B003E6D5A /* Project object */;
			proxyType = 1;
			remoteGlobalIDString = 913B7BB02C60312B003E6D5A;
			remoteInfo = CurrencyConverter;
		};
		913B7BD12C60312D003E6D5A /* PBXContainerItemProxy */ = {
			isa = PBXContainerItemProxy;
			containerPortal = 913B7BA92C60312B003E6D5A /* Project object */;
			proxyType = 1;
			remoteGlobalIDString = 913B7BB02C60312B003E6D5A;
			remoteInfo = CurrencyConverter;
		};
		913B7C462C611824003E6D5A /* PBXContainerItemProxy */ = {
			isa = PBXContainerItemProxy;
			containerPortal = 913B7BA92C60312B003E6D5A /* Project object */;
			proxyType = 1;
			remoteGlobalIDString = 913B7BB02C60312B003E6D5A;
			remoteInfo = CurrencyConverterApp;
		};
/* End PBXContainerItemProxy section */

/* Begin PBXCopyFilesBuildPhase section */
		913B7C9E2C61B9AB003E6D5A /* Embed Frameworks */ = {
			isa = PBXCopyFilesBuildPhase;
			buildActionMask = 2147483647;
			dstPath = "";
			dstSubfolderSpec = 10;
			files = (
			);
			name = "Embed Frameworks";
			runOnlyForDeploymentPostprocessing = 0;
		};
/* End PBXCopyFilesBuildPhase section */

/* Begin PBXFileReference section */
		913B7BB12C60312B003E6D5A /* CurrencyConverter.app */ = {isa = PBXFileReference; explicitFileType = wrapper.application; includeInIndex = 0; path = CurrencyConverter.app; sourceTree = BUILT_PRODUCTS_DIR; };
		913B7BB42C60312B003E6D5A /* CurrencyConverterApp.swift */ = {isa = PBXFileReference; lastKnownFileType = sourcecode.swift; path = CurrencyConverterApp.swift; sourceTree = "<group>"; };
		913B7BB82C60312D003E6D5A /* Assets.xcassets */ = {isa = PBXFileReference; lastKnownFileType = folder.assetcatalog; path = Assets.xcassets; sourceTree = "<group>"; };
		913B7BBB2C60312D003E6D5A /* Preview Assets.xcassets */ = {isa = PBXFileReference; lastKnownFileType = folder.assetcatalog; path = "Preview Assets.xcassets"; sourceTree = "<group>"; };
		913B7BC02C60312D003E6D5A /* CurrencyConverter.xcdatamodel */ = {isa = PBXFileReference; lastKnownFileType = wrapper.xcdatamodel; path = CurrencyConverter.xcdatamodel; sourceTree = "<group>"; };
		913B7BC62C60312D003E6D5A /* CurrencyConverterTests.xctest */ = {isa = PBXFileReference; explicitFileType = wrapper.cfbundle; includeInIndex = 0; path = CurrencyConverterTests.xctest; sourceTree = BUILT_PRODUCTS_DIR; };
		913B7BCA2C60312D003E6D5A /* CurrencyConverterTests.swift */ = {isa = PBXFileReference; lastKnownFileType = sourcecode.swift; path = CurrencyConverterTests.swift; sourceTree = "<group>"; };
		913B7BD02C60312D003E6D5A /* CurrencyConverterUITests.xctest */ = {isa = PBXFileReference; explicitFileType = wrapper.cfbundle; includeInIndex = 0; path = CurrencyConverterUITests.xctest; sourceTree = BUILT_PRODUCTS_DIR; };
		913B7BD42C60312D003E6D5A /* CurrencyConverterUITests.swift */ = {isa = PBXFileReference; lastKnownFileType = sourcecode.swift; path = CurrencyConverterUITests.swift; sourceTree = "<group>"; };
		913B7BD62C60312D003E6D5A /* CurrencyConverterUITestsLaunchTests.swift */ = {isa = PBXFileReference; lastKnownFileType = sourcecode.swift; path = CurrencyConverterUITestsLaunchTests.swift; sourceTree = "<group>"; };
		913B7BE32C606049003E6D5A /* AppCoordinator.swift */ = {isa = PBXFileReference; lastKnownFileType = sourcecode.swift; path = AppCoordinator.swift; sourceTree = "<group>"; };
		913B7BE52C606071003E6D5A /* ExchangeRatesCoordinator.swift */ = {isa = PBXFileReference; lastKnownFileType = sourcecode.swift; path = ExchangeRatesCoordinator.swift; sourceTree = "<group>"; };
		913B7BE72C606087003E6D5A /* ExchangeRatesView.swift */ = {isa = PBXFileReference; lastKnownFileType = sourcecode.swift; path = ExchangeRatesView.swift; sourceTree = "<group>"; };
		913B7BEB2C6060D1003E6D5A /* ExchangeRate.swift */ = {isa = PBXFileReference; lastKnownFileType = sourcecode.swift; path = ExchangeRate.swift; sourceTree = "<group>"; };
		913B7BED2C606133003E6D5A /* CurrencyConverterViewController.swift */ = {isa = PBXFileReference; lastKnownFileType = sourcecode.swift; path = CurrencyConverterViewController.swift; sourceTree = "<group>"; };
		913B7BEF2C606150003E6D5A /* CurrencyConverterCoordinator.swift */ = {isa = PBXFileReference; lastKnownFileType = sourcecode.swift; path = CurrencyConverterCoordinator.swift; sourceTree = "<group>"; };
		913B7BF12C6063D2003E6D5A /* TabBarCoordinator.swift */ = {isa = PBXFileReference; lastKnownFileType = sourcecode.swift; path = TabBarCoordinator.swift; sourceTree = "<group>"; };
		913B7BFC2C611363003E6D5A /* PersistenceController.swift */ = {isa = PBXFileReference; lastKnownFileType = sourcecode.swift; path = PersistenceController.swift; sourceTree = "<group>"; };
		913B7C422C611824003E6D5A /* ExchangeRatesTests.xctest */ = {isa = PBXFileReference; explicitFileType = wrapper.cfbundle; includeInIndex = 0; path = ExchangeRatesTests.xctest; sourceTree = BUILT_PRODUCTS_DIR; };
		913B7C492C611824003E6D5A /* ExchangeRatesTests.swift */ = {isa = PBXFileReference; lastKnownFileType = sourcecode.swift; path = ExchangeRatesTests.swift; sourceTree = "<group>"; };
		913B7C6E2C6194A3003E6D5A /* ExchangeRatesViewModel.swift */ = {isa = PBXFileReference; lastKnownFileType = sourcecode.swift; path = ExchangeRatesViewModel.swift; sourceTree = "<group>"; };
		913B7C7A2C61AFD1003E6D5A /* APIService.swift */ = {isa = PBXFileReference; lastKnownFileType = sourcecode.swift; path = APIService.swift; sourceTree = "<group>"; };
		913B7C842C61B086003E6D5A /* ConversionResult.swift */ = {isa = PBXFileReference; lastKnownFileType = sourcecode.swift; path = ConversionResult.swift; sourceTree = "<group>"; };
		913B7C8B2C61B0CA003E6D5A /* CurrencyConverterViewContainer.swift */ = {isa = PBXFileReference; lastKnownFileType = sourcecode.swift; path = CurrencyConverterViewContainer.swift; sourceTree = "<group>"; };
		913B7C8F2C61B266003E6D5A /* CurrencyConverterViewModel.swift */ = {isa = PBXFileReference; lastKnownFileType = sourcecode.swift; path = CurrencyConverterViewModel.swift; sourceTree = "<group>"; };
		913B7CBE2C62549F003E6D5A /* ButtonPublisher.swift */ = {isa = PBXFileReference; fileEncoding = 4; lastKnownFileType = sourcecode.swift; path = ButtonPublisher.swift; sourceTree = "<group>"; };
		913B7CC02C6254AB003E6D5A /* TextFieldPublisher.swift */ = {isa = PBXFileReference; fileEncoding = 4; lastKnownFileType = sourcecode.swift; path = TextFieldPublisher.swift; sourceTree = "<group>"; };
		913B7CC22C6254BA003E6D5A /* UIView+Constraints.swift */ = {isa = PBXFileReference; fileEncoding = 4; lastKnownFileType = sourcecode.swift; path = "UIView+Constraints.swift"; sourceTree = "<group>"; };
		913B7CD32C63C7B1003E6D5A /* Currency.swift */ = {isa = PBXFileReference; fileEncoding = 4; lastKnownFileType = sourcecode.swift; path = Currency.swift; sourceTree = "<group>"; };
		913B7CD52C63C7C2003E6D5A /* RemoteConfigRepository.swift */ = {isa = PBXFileReference; fileEncoding = 4; lastKnownFileType = sourcecode.swift; name = RemoteConfigRepository.swift; path = ../../Services/RemoteConfigRepository.swift; sourceTree = "<group>"; };
		913B7CDF2C63CDB9003E6D5A /* LocalStorageAdapter.swift */ = {isa = PBXFileReference; lastKnownFileType = sourcecode.swift; path = LocalStorageAdapter.swift; sourceTree = "<group>"; };
		913B7CE12C6428D5003E6D5A /* FrankfurterRepository.swift */ = {isa = PBXFileReference; lastKnownFileType = sourcecode.swift; path = FrankfurterRepository.swift; sourceTree = "<group>"; };
/* End PBXFileReference section */

/* Begin PBXFrameworksBuildPhase section */
		913B7BAE2C60312B003E6D5A /* Frameworks */ = {
			isa = PBXFrameworksBuildPhase;
			buildActionMask = 2147483647;
			files = (
			);
			runOnlyForDeploymentPostprocessing = 0;
		};
		913B7BC32C60312D003E6D5A /* Frameworks */ = {
			isa = PBXFrameworksBuildPhase;
			buildActionMask = 2147483647;
			files = (
			);
			runOnlyForDeploymentPostprocessing = 0;
		};
		913B7BCD2C60312D003E6D5A /* Frameworks */ = {
			isa = PBXFrameworksBuildPhase;
			buildActionMask = 2147483647;
			files = (
			);
			runOnlyForDeploymentPostprocessing = 0;
		};
		913B7C3F2C611824003E6D5A /* Frameworks */ = {
			isa = PBXFrameworksBuildPhase;
			buildActionMask = 2147483647;
			files = (
			);
			runOnlyForDeploymentPostprocessing = 0;
		};
/* End PBXFrameworksBuildPhase section */

/* Begin PBXGroup section */
		913B7BA82C60312B003E6D5A = {
			isa = PBXGroup;
			children = (
				913B7BB32C60312B003E6D5A /* CurrencyConverter */,
				913B7BC92C60312D003E6D5A /* CurrencyConverterTests */,
				913B7BD32C60312D003E6D5A /* CurrencyConverterUITests */,
				913B7C482C611824003E6D5A /* ExchangeRatesTests */,
				913B7BB22C60312B003E6D5A /* Products */,
				913B7C712C61953D003E6D5A /* Frameworks */,
			);
			sourceTree = "<group>";
		};
		913B7BB22C60312B003E6D5A /* Products */ = {
			isa = PBXGroup;
			children = (
				913B7BB12C60312B003E6D5A /* CurrencyConverter.app */,
				913B7BC62C60312D003E6D5A /* CurrencyConverterTests.xctest */,
				913B7BD02C60312D003E6D5A /* CurrencyConverterUITests.xctest */,
				913B7C422C611824003E6D5A /* ExchangeRatesTests.xctest */,
			);
			name = Products;
			sourceTree = "<group>";
		};
		913B7BB32C60312B003E6D5A /* CurrencyConverter */ = {
			isa = PBXGroup;
			children = (
				913B7BF32C61114D003E6D5A /* App */,
				913B7C6D2C619439003E6D5A /* CommonModule */,
				913B7BF52C611173003E6D5A /* ExchangeRatesModule */,
				913B7BF62C611183003E6D5A /* CurrencyConverterModule */,
				913B7BFA2C611207003E6D5A /* Resources */,
			);
			path = CurrencyConverter;
			sourceTree = "<group>";
		};
		913B7BBA2C60312D003E6D5A /* Preview Content */ = {
			isa = PBXGroup;
			children = (
				913B7BBB2C60312D003E6D5A /* Preview Assets.xcassets */,
			);
			path = "Preview Content";
			sourceTree = "<group>";
		};
		913B7BC92C60312D003E6D5A /* CurrencyConverterTests */ = {
			isa = PBXGroup;
			children = (
				913B7BCA2C60312D003E6D5A /* CurrencyConverterTests.swift */,
			);
			path = CurrencyConverterTests;
			sourceTree = "<group>";
		};
		913B7BD32C60312D003E6D5A /* CurrencyConverterUITests */ = {
			isa = PBXGroup;
			children = (
				913B7BD42C60312D003E6D5A /* CurrencyConverterUITests.swift */,
				913B7BD62C60312D003E6D5A /* CurrencyConverterUITestsLaunchTests.swift */,
			);
			path = CurrencyConverterUITests;
			sourceTree = "<group>";
		};
		913B7BF32C61114D003E6D5A /* App */ = {
			isa = PBXGroup;
			children = (
				913B7BB42C60312B003E6D5A /* CurrencyConverterApp.swift */,
				913B7BE32C606049003E6D5A /* AppCoordinator.swift */,
				913B7BF12C6063D2003E6D5A /* TabBarCoordinator.swift */,
			);
			path = App;
			sourceTree = "<group>";
		};
		913B7BF52C611173003E6D5A /* ExchangeRatesModule */ = {
			isa = PBXGroup;
			children = (
				913B7BE52C606071003E6D5A /* ExchangeRatesCoordinator.swift */,
				913B7BE72C606087003E6D5A /* ExchangeRatesView.swift */,
				913B7C6E2C6194A3003E6D5A /* ExchangeRatesViewModel.swift */,
			);
			path = ExchangeRatesModule;
			sourceTree = "<group>";
		};
		913B7BF62C611183003E6D5A /* CurrencyConverterModule */ = {
			isa = PBXGroup;
			children = (
				913B7BED2C606133003E6D5A /* CurrencyConverterViewController.swift */,
				913B7BEF2C606150003E6D5A /* CurrencyConverterCoordinator.swift */,
				913B7C8B2C61B0CA003E6D5A /* CurrencyConverterViewContainer.swift */,
				913B7C8F2C61B266003E6D5A /* CurrencyConverterViewModel.swift */,
			);
			path = CurrencyConverterModule;
			sourceTree = "<group>";
		};
		913B7BF72C6111C8003E6D5A /* Services */ = {
			isa = PBXGroup;
			children = (
				913B7C7A2C61AFD1003E6D5A /* APIService.swift */,
			);
			path = Services;
			sourceTree = "<group>";
		};
		913B7BF92C6111FB003E6D5A /* Utilities */ = {
			isa = PBXGroup;
			children = (
				913B7CBE2C62549F003E6D5A /* ButtonPublisher.swift */,
				913B7CC02C6254AB003E6D5A /* TextFieldPublisher.swift */,
				913B7CC22C6254BA003E6D5A /* UIView+Constraints.swift */,
			);
			path = Utilities;
			sourceTree = "<group>";
		};
		913B7BFA2C611207003E6D5A /* Resources */ = {
			isa = PBXGroup;
			children = (
				913B7BBA2C60312D003E6D5A /* Preview Content */,
				913B7BB82C60312D003E6D5A /* Assets.xcassets */,
			);
			path = Resources;
			sourceTree = "<group>";
		};
		913B7BFB2C611339003E6D5A /* CoreData */ = {
			isa = PBXGroup;
			children = (
				913B7BBF2C60312D003E6D5A /* CurrencyConverter.xcdatamodeld */,
				913B7BFC2C611363003E6D5A /* PersistenceController.swift */,
				913B7CDF2C63CDB9003E6D5A /* LocalStorageAdapter.swift */,
			);
			path = CoreData;
			sourceTree = "<group>";
		};
		913B7C482C611824003E6D5A /* ExchangeRatesTests */ = {
			isa = PBXGroup;
			children = (
				913B7C492C611824003E6D5A /* ExchangeRatesTests.swift */,
			);
			path = ExchangeRatesTests;
			sourceTree = "<group>";
		};
		913B7C6D2C619439003E6D5A /* CommonModule */ = {
			isa = PBXGroup;
			children = (
				913B7CC62C63BDA8003E6D5A /* Models */,
				913B7CC42C63BD7D003E6D5A /* Repositories */,
				913B7BF72C6111C8003E6D5A /* Services */,
				913B7BF92C6111FB003E6D5A /* Utilities */,
			);
			path = CommonModule;
			sourceTree = "<group>";
		};
		913B7C712C61953D003E6D5A /* Frameworks */ = {
			isa = PBXGroup;
			children = (
			);
			name = Frameworks;
			sourceTree = "<group>";
		};
		913B7CC42C63BD7D003E6D5A /* Repositories */ = {
			isa = PBXGroup;
			children = (
				913B7BFB2C611339003E6D5A /* CoreData */,
				913B7CCD2C63C6F6003E6D5A /* Remote */,
			);
			path = Repositories;
			sourceTree = "<group>";
		};
		913B7CC62C63BDA8003E6D5A /* Models */ = {
			isa = PBXGroup;
			children = (
				913B7CD32C63C7B1003E6D5A /* Currency.swift */,
				913B7C842C61B086003E6D5A /* ConversionResult.swift */,
				913B7BEB2C6060D1003E6D5A /* ExchangeRate.swift */,
			);
			path = Models;
			sourceTree = "<group>";
		};
		913B7CCD2C63C6F6003E6D5A /* Remote */ = {
			isa = PBXGroup;
			children = (
				913B7CD52C63C7C2003E6D5A /* RemoteConfigRepository.swift */,
				913B7CE12C6428D5003E6D5A /* FrankfurterRepository.swift */,
			);
			path = Remote;
			sourceTree = "<group>";
		};
/* End PBXGroup section */

/* Begin PBXNativeTarget section */
		913B7BB02C60312B003E6D5A /* CurrencyConverter */ = {
			isa = PBXNativeTarget;
			buildConfigurationList = 913B7BDA2C60312D003E6D5A /* Build configuration list for PBXNativeTarget "CurrencyConverter" */;
			buildPhases = (
				913B7BAD2C60312B003E6D5A /* Sources */,
				913B7BAE2C60312B003E6D5A /* Frameworks */,
				913B7BAF2C60312B003E6D5A /* Resources */,
				913B7C9E2C61B9AB003E6D5A /* Embed Frameworks */,
			);
			buildRules = (
			);
			dependencies = (
			);
			name = CurrencyConverter;
			productName = CurrencyConverter;
			productReference = 913B7BB12C60312B003E6D5A /* CurrencyConverter.app */;
			productType = "com.apple.product-type.application";
		};
		913B7BC52C60312D003E6D5A /* CurrencyConverterTests */ = {
			isa = PBXNativeTarget;
			buildConfigurationList = 913B7BDD2C60312D003E6D5A /* Build configuration list for PBXNativeTarget "CurrencyConverterTests" */;
			buildPhases = (
				913B7BC22C60312D003E6D5A /* Sources */,
				913B7BC32C60312D003E6D5A /* Frameworks */,
				913B7BC42C60312D003E6D5A /* Resources */,
			);
			buildRules = (
			);
			dependencies = (
				913B7BC82C60312D003E6D5A /* PBXTargetDependency */,
			);
			name = CurrencyConverterTests;
			productName = CurrencyConverterTests;
			productReference = 913B7BC62C60312D003E6D5A /* CurrencyConverterTests.xctest */;
			productType = "com.apple.product-type.bundle.unit-test";
		};
		913B7BCF2C60312D003E6D5A /* CurrencyConverterUITests */ = {
			isa = PBXNativeTarget;
			buildConfigurationList = 913B7BE02C60312D003E6D5A /* Build configuration list for PBXNativeTarget "CurrencyConverterUITests" */;
			buildPhases = (
				913B7BCC2C60312D003E6D5A /* Sources */,
				913B7BCD2C60312D003E6D5A /* Frameworks */,
				913B7BCE2C60312D003E6D5A /* Resources */,
			);
			buildRules = (
			);
			dependencies = (
				913B7BD22C60312D003E6D5A /* PBXTargetDependency */,
			);
			name = CurrencyConverterUITests;
			productName = CurrencyConverterUITests;
			productReference = 913B7BD02C60312D003E6D5A /* CurrencyConverterUITests.xctest */;
			productType = "com.apple.product-type.bundle.ui-testing";
		};
		913B7C412C611824003E6D5A /* ExchangeRatesTests */ = {
			isa = PBXNativeTarget;
			buildConfigurationList = 913B7C542C611824003E6D5A /* Build configuration list for PBXNativeTarget "ExchangeRatesTests" */;
			buildPhases = (
				913B7C3E2C611824003E6D5A /* Sources */,
				913B7C3F2C611824003E6D5A /* Frameworks */,
				913B7C402C611824003E6D5A /* Resources */,
			);
			buildRules = (
			);
			dependencies = (
				913B7C472C611824003E6D5A /* PBXTargetDependency */,
			);
			name = ExchangeRatesTests;
			productName = ExchangeRatesTests;
			productReference = 913B7C422C611824003E6D5A /* ExchangeRatesTests.xctest */;
			productType = "com.apple.product-type.bundle.unit-test";
		};
/* End PBXNativeTarget section */

/* Begin PBXProject section */
		913B7BA92C60312B003E6D5A /* Project object */ = {
			isa = PBXProject;
			attributes = {
				BuildIndependentTargetsInParallel = 1;
				LastSwiftUpdateCheck = 1540;
				LastUpgradeCheck = 1540;
				TargetAttributes = {
					913B7BB02C60312B003E6D5A = {
						CreatedOnToolsVersion = 15.4;
					};
					913B7BC52C60312D003E6D5A = {
						CreatedOnToolsVersion = 15.4;
						TestTargetID = 913B7BB02C60312B003E6D5A;
					};
					913B7BCF2C60312D003E6D5A = {
						CreatedOnToolsVersion = 15.4;
						TestTargetID = 913B7BB02C60312B003E6D5A;
					};
					913B7C412C611824003E6D5A = {
						CreatedOnToolsVersion = 15.4;
						TestTargetID = 913B7BB02C60312B003E6D5A;
					};
				};
			};
			buildConfigurationList = 913B7BAC2C60312B003E6D5A /* Build configuration list for PBXProject "CurrencyConverter" */;
			compatibilityVersion = "Xcode 14.0";
			developmentRegion = en;
			hasScannedForEncodings = 0;
			knownRegions = (
				en,
				Base,
			);
			mainGroup = 913B7BA82C60312B003E6D5A;
			productRefGroup = 913B7BB22C60312B003E6D5A /* Products */;
			projectDirPath = "";
			projectRoot = "";
			targets = (
				913B7BB02C60312B003E6D5A /* CurrencyConverter */,
				913B7BC52C60312D003E6D5A /* CurrencyConverterTests */,
				913B7BCF2C60312D003E6D5A /* CurrencyConverterUITests */,
				913B7C412C611824003E6D5A /* ExchangeRatesTests */,
			);
		};
/* End PBXProject section */

/* Begin PBXResourcesBuildPhase section */
		913B7BAF2C60312B003E6D5A /* Resources */ = {
			isa = PBXResourcesBuildPhase;
			buildActionMask = 2147483647;
			files = (
				913B7BBC2C60312D003E6D5A /* Preview Assets.xcassets in Resources */,
				913B7BB92C60312D003E6D5A /* Assets.xcassets in Resources */,
			);
			runOnlyForDeploymentPostprocessing = 0;
		};
		913B7BC42C60312D003E6D5A /* Resources */ = {
			isa = PBXResourcesBuildPhase;
			buildActionMask = 2147483647;
			files = (
			);
			runOnlyForDeploymentPostprocessing = 0;
		};
		913B7BCE2C60312D003E6D5A /* Resources */ = {
			isa = PBXResourcesBuildPhase;
			buildActionMask = 2147483647;
			files = (
			);
			runOnlyForDeploymentPostprocessing = 0;
		};
		913B7C402C611824003E6D5A /* Resources */ = {
			isa = PBXResourcesBuildPhase;
			buildActionMask = 2147483647;
			files = (
			);
			runOnlyForDeploymentPostprocessing = 0;
		};
/* End PBXResourcesBuildPhase section */

/* Begin PBXSourcesBuildPhase section */
		913B7BAD2C60312B003E6D5A /* Sources */ = {
			isa = PBXSourcesBuildPhase;
			buildActionMask = 2147483647;
			files = (
				913B7BF22C6063D2003E6D5A /* TabBarCoordinator.swift in Sources */,
				913B7CD62C63C7C3003E6D5A /* RemoteConfigRepository.swift in Sources */,
				913B7CB32C624C14003E6D5A /* CurrencyConverterViewController.swift in Sources */,
				913B7CB52C624C14003E6D5A /* CurrencyConverterCoordinator.swift in Sources */,
				913B7CB72C624C14003E6D5A /* CurrencyConverterViewContainer.swift in Sources */,
				913B7CB82C624C14003E6D5A /* ExchangeRatesView.swift in Sources */,
				913B7CE22C6428D5003E6D5A /* FrankfurterRepository.swift in Sources */,
				913B7CB92C624C14003E6D5A /* CurrencyConverterViewModel.swift in Sources */,
				913B7CE02C63CDB9003E6D5A /* LocalStorageAdapter.swift in Sources */,
				913B7CBA2C624C14003E6D5A /* ExchangeRate.swift in Sources */,
				913B7CBB2C624C14003E6D5A /* ConversionResult.swift in Sources */,
				913B7CBC2C624C14003E6D5A /* ExchangeRatesViewModel.swift in Sources */,
				913B7CBD2C624C14003E6D5A /* ExchangeRatesCoordinator.swift in Sources */,
				913B7CD42C63C7B1003E6D5A /* Currency.swift in Sources */,
				913B7CBF2C62549F003E6D5A /* ButtonPublisher.swift in Sources */,
				913B7BFD2C611363003E6D5A /* PersistenceController.swift in Sources */,
				913B7CC12C6254AB003E6D5A /* TextFieldPublisher.swift in Sources */,
				913B7CC32C6254BB003E6D5A /* UIView+Constraints.swift in Sources */,
				913B7BC12C60312D003E6D5A /* CurrencyConverter.xcdatamodeld in Sources */,
				913B7CA82C624BF1003E6D5A /* APIService.swift in Sources */,
				913B7BE42C606049003E6D5A /* AppCoordinator.swift in Sources */,
				913B7BB52C60312B003E6D5A /* CurrencyConverterApp.swift in Sources */,
			);
			runOnlyForDeploymentPostprocessing = 0;
		};
		913B7BC22C60312D003E6D5A /* Sources */ = {
			isa = PBXSourcesBuildPhase;
			buildActionMask = 2147483647;
			files = (
				913B7BCB2C60312D003E6D5A /* CurrencyConverterTests.swift in Sources */,
			);
			runOnlyForDeploymentPostprocessing = 0;
		};
		913B7BCC2C60312D003E6D5A /* Sources */ = {
			isa = PBXSourcesBuildPhase;
			buildActionMask = 2147483647;
			files = (
				913B7BD72C60312D003E6D5A /* CurrencyConverterUITestsLaunchTests.swift in Sources */,
				913B7BD52C60312D003E6D5A /* CurrencyConverterUITests.swift in Sources */,
			);
			runOnlyForDeploymentPostprocessing = 0;
		};
		913B7C3E2C611824003E6D5A /* Sources */ = {
			isa = PBXSourcesBuildPhase;
			buildActionMask = 2147483647;
			files = (
				913B7C4A2C611824003E6D5A /* ExchangeRatesTests.swift in Sources */,
			);
			runOnlyForDeploymentPostprocessing = 0;
		};
/* End PBXSourcesBuildPhase section */

/* Begin PBXTargetDependency section */
		913B7BC82C60312D003E6D5A /* PBXTargetDependency */ = {
			isa = PBXTargetDependency;
			target = 913B7BB02C60312B003E6D5A /* CurrencyConverter */;
			targetProxy = 913B7BC72C60312D003E6D5A /* PBXContainerItemProxy */;
		};
		913B7BD22C60312D003E6D5A /* PBXTargetDependency */ = {
			isa = PBXTargetDependency;
			target = 913B7BB02C60312B003E6D5A /* CurrencyConverter */;
			targetProxy = 913B7BD12C60312D003E6D5A /* PBXContainerItemProxy */;
		};
		913B7C472C611824003E6D5A /* PBXTargetDependency */ = {
			isa = PBXTargetDependency;
			target = 913B7BB02C60312B003E6D5A /* CurrencyConverter */;
			targetProxy = 913B7C462C611824003E6D5A /* PBXContainerItemProxy */;
		};
/* End PBXTargetDependency section */

/* Begin XCBuildConfiguration section */
		913B7BD82C60312D003E6D5A /* Debug */ = {
			isa = XCBuildConfiguration;
			buildSettings = {
				ALWAYS_SEARCH_USER_PATHS = NO;
				ASSETCATALOG_COMPILER_GENERATE_SWIFT_ASSET_SYMBOL_EXTENSIONS = YES;
				CLANG_ANALYZER_NONNULL = YES;
				CLANG_ANALYZER_NUMBER_OBJECT_CONVERSION = YES_AGGRESSIVE;
				CLANG_CXX_LANGUAGE_STANDARD = "gnu++20";
				CLANG_ENABLE_MODULES = YES;
				CLANG_ENABLE_OBJC_ARC = YES;
				CLANG_ENABLE_OBJC_WEAK = YES;
				CLANG_WARN_BLOCK_CAPTURE_AUTORELEASING = YES;
				CLANG_WARN_BOOL_CONVERSION = YES;
				CLANG_WARN_COMMA = YES;
				CLANG_WARN_CONSTANT_CONVERSION = YES;
				CLANG_WARN_DEPRECATED_OBJC_IMPLEMENTATIONS = YES;
				CLANG_WARN_DIRECT_OBJC_ISA_USAGE = YES_ERROR;
				CLANG_WARN_DOCUMENTATION_COMMENTS = YES;
				CLANG_WARN_EMPTY_BODY = YES;
				CLANG_WARN_ENUM_CONVERSION = YES;
				CLANG_WARN_INFINITE_RECURSION = YES;
				CLANG_WARN_INT_CONVERSION = YES;
				CLANG_WARN_NON_LITERAL_NULL_CONVERSION = YES;
				CLANG_WARN_OBJC_IMPLICIT_RETAIN_SELF = YES;
				CLANG_WARN_OBJC_LITERAL_CONVERSION = YES;
				CLANG_WARN_OBJC_ROOT_CLASS = YES_ERROR;
				CLANG_WARN_QUOTED_INCLUDE_IN_FRAMEWORK_HEADER = YES;
				CLANG_WARN_RANGE_LOOP_ANALYSIS = YES;
				CLANG_WARN_STRICT_PROTOTYPES = YES;
				CLANG_WARN_SUSPICIOUS_MOVE = YES;
				CLANG_WARN_UNGUARDED_AVAILABILITY = YES_AGGRESSIVE;
				CLANG_WARN_UNREACHABLE_CODE = YES;
				CLANG_WARN__DUPLICATE_METHOD_MATCH = YES;
				COPY_PHASE_STRIP = NO;
				DEBUG_INFORMATION_FORMAT = dwarf;
				ENABLE_STRICT_OBJC_MSGSEND = YES;
				ENABLE_TESTABILITY = YES;
				ENABLE_USER_SCRIPT_SANDBOXING = YES;
				GCC_C_LANGUAGE_STANDARD = gnu17;
				GCC_DYNAMIC_NO_PIC = NO;
				GCC_NO_COMMON_BLOCKS = YES;
				GCC_OPTIMIZATION_LEVEL = 0;
				GCC_PREPROCESSOR_DEFINITIONS = (
					"DEBUG=1",
					"$(inherited)",
				);
				GCC_WARN_64_TO_32_BIT_CONVERSION = YES;
				GCC_WARN_ABOUT_RETURN_TYPE = YES_ERROR;
				GCC_WARN_UNDECLARED_SELECTOR = YES;
				GCC_WARN_UNINITIALIZED_AUTOS = YES_AGGRESSIVE;
				GCC_WARN_UNUSED_FUNCTION = YES;
				GCC_WARN_UNUSED_VARIABLE = YES;
				IPHONEOS_DEPLOYMENT_TARGET = 17.5;
				LOCALIZATION_PREFERS_STRING_CATALOGS = YES;
				MTL_ENABLE_DEBUG_INFO = INCLUDE_SOURCE;
				MTL_FAST_MATH = YES;
				ONLY_ACTIVE_ARCH = YES;
				SDKROOT = iphoneos;
				SWIFT_ACTIVE_COMPILATION_CONDITIONS = "DEBUG $(inherited)";
				SWIFT_OPTIMIZATION_LEVEL = "-Onone";
			};
			name = Debug;
		};
		913B7BD92C60312D003E6D5A /* Release */ = {
			isa = XCBuildConfiguration;
			buildSettings = {
				ALWAYS_SEARCH_USER_PATHS = NO;
				ASSETCATALOG_COMPILER_GENERATE_SWIFT_ASSET_SYMBOL_EXTENSIONS = YES;
				CLANG_ANALYZER_NONNULL = YES;
				CLANG_ANALYZER_NUMBER_OBJECT_CONVERSION = YES_AGGRESSIVE;
				CLANG_CXX_LANGUAGE_STANDARD = "gnu++20";
				CLANG_ENABLE_MODULES = YES;
				CLANG_ENABLE_OBJC_ARC = YES;
				CLANG_ENABLE_OBJC_WEAK = YES;
				CLANG_WARN_BLOCK_CAPTURE_AUTORELEASING = YES;
				CLANG_WARN_BOOL_CONVERSION = YES;
				CLANG_WARN_COMMA = YES;
				CLANG_WARN_CONSTANT_CONVERSION = YES;
				CLANG_WARN_DEPRECATED_OBJC_IMPLEMENTATIONS = YES;
				CLANG_WARN_DIRECT_OBJC_ISA_USAGE = YES_ERROR;
				CLANG_WARN_DOCUMENTATION_COMMENTS = YES;
				CLANG_WARN_EMPTY_BODY = YES;
				CLANG_WARN_ENUM_CONVERSION = YES;
				CLANG_WARN_INFINITE_RECURSION = YES;
				CLANG_WARN_INT_CONVERSION = YES;
				CLANG_WARN_NON_LITERAL_NULL_CONVERSION = YES;
				CLANG_WARN_OBJC_IMPLICIT_RETAIN_SELF = YES;
				CLANG_WARN_OBJC_LITERAL_CONVERSION = YES;
				CLANG_WARN_OBJC_ROOT_CLASS = YES_ERROR;
				CLANG_WARN_QUOTED_INCLUDE_IN_FRAMEWORK_HEADER = YES;
				CLANG_WARN_RANGE_LOOP_ANALYSIS = YES;
				CLANG_WARN_STRICT_PROTOTYPES = YES;
				CLANG_WARN_SUSPICIOUS_MOVE = YES;
				CLANG_WARN_UNGUARDED_AVAILABILITY = YES_AGGRESSIVE;
				CLANG_WARN_UNREACHABLE_CODE = YES;
				CLANG_WARN__DUPLICATE_METHOD_MATCH = YES;
				COPY_PHASE_STRIP = NO;
				DEBUG_INFORMATION_FORMAT = "dwarf-with-dsym";
				ENABLE_NS_ASSERTIONS = NO;
				ENABLE_STRICT_OBJC_MSGSEND = YES;
				ENABLE_USER_SCRIPT_SANDBOXING = YES;
				GCC_C_LANGUAGE_STANDARD = gnu17;
				GCC_NO_COMMON_BLOCKS = YES;
				GCC_WARN_64_TO_32_BIT_CONVERSION = YES;
				GCC_WARN_ABOUT_RETURN_TYPE = YES_ERROR;
				GCC_WARN_UNDECLARED_SELECTOR = YES;
				GCC_WARN_UNINITIALIZED_AUTOS = YES_AGGRESSIVE;
				GCC_WARN_UNUSED_FUNCTION = YES;
				GCC_WARN_UNUSED_VARIABLE = YES;
				IPHONEOS_DEPLOYMENT_TARGET = 17.5;
				LOCALIZATION_PREFERS_STRING_CATALOGS = YES;
				MTL_ENABLE_DEBUG_INFO = NO;
				MTL_FAST_MATH = YES;
				SDKROOT = iphoneos;
				SWIFT_COMPILATION_MODE = wholemodule;
				VALIDATE_PRODUCT = YES;
			};
			name = Release;
		};
		913B7BDB2C60312D003E6D5A /* Debug */ = {
			isa = XCBuildConfiguration;
			buildSettings = {
				ASSETCATALOG_COMPILER_APPICON_NAME = AppIcon;
				ASSETCATALOG_COMPILER_GLOBAL_ACCENT_COLOR_NAME = AccentColor;
				CODE_SIGN_STYLE = Automatic;
				CURRENT_PROJECT_VERSION = 1;
				DEVELOPMENT_ASSET_PATHS = "\"CurrencyConverter/Resources/Preview Content\"";
				DEVELOPMENT_TEAM = GDBMB7F46R;
				ENABLE_PREVIEWS = YES;
				GENERATE_INFOPLIST_FILE = YES;
				INFOPLIST_KEY_UIApplicationSceneManifest_Generation = YES;
				INFOPLIST_KEY_UIApplicationSupportsIndirectInputEvents = YES;
				INFOPLIST_KEY_UILaunchScreen_Generation = YES;
				INFOPLIST_KEY_UISupportedInterfaceOrientations_iPad = "UIInterfaceOrientationPortrait UIInterfaceOrientationPortraitUpsideDown UIInterfaceOrientationLandscapeLeft UIInterfaceOrientationLandscapeRight";
				INFOPLIST_KEY_UISupportedInterfaceOrientations_iPhone = "UIInterfaceOrientationPortrait UIInterfaceOrientationLandscapeLeft UIInterfaceOrientationLandscapeRight";
				IPHONEOS_DEPLOYMENT_TARGET = 17.0;
				LD_RUNPATH_SEARCH_PATHS = (
					"$(inherited)",
					"@executable_path/Frameworks",
				);
				MARKETING_VERSION = 1.0;
				PRODUCT_BUNDLE_IDENTIFIER = viniciusgibran.CurrencyConverter;
				PRODUCT_NAME = "$(TARGET_NAME)";
				SWIFT_EMIT_LOC_STRINGS = YES;
				SWIFT_VERSION = 5.0;
				TARGETED_DEVICE_FAMILY = "1,2";
			};
			name = Debug;
		};
		913B7BDC2C60312D003E6D5A /* Release */ = {
			isa = XCBuildConfiguration;
			buildSettings = {
				ASSETCATALOG_COMPILER_APPICON_NAME = AppIcon;
				ASSETCATALOG_COMPILER_GLOBAL_ACCENT_COLOR_NAME = AccentColor;
				CODE_SIGN_STYLE = Automatic;
				CURRENT_PROJECT_VERSION = 1;
				DEVELOPMENT_ASSET_PATHS = "\"CurrencyConverter/Resources/Preview Content\"";
				DEVELOPMENT_TEAM = GDBMB7F46R;
				ENABLE_PREVIEWS = YES;
				GENERATE_INFOPLIST_FILE = YES;
				INFOPLIST_KEY_UIApplicationSceneManifest_Generation = YES;
				INFOPLIST_KEY_UIApplicationSupportsIndirectInputEvents = YES;
				INFOPLIST_KEY_UILaunchScreen_Generation = YES;
				INFOPLIST_KEY_UISupportedInterfaceOrientations_iPad = "UIInterfaceOrientationPortrait UIInterfaceOrientationPortraitUpsideDown UIInterfaceOrientationLandscapeLeft UIInterfaceOrientationLandscapeRight";
				INFOPLIST_KEY_UISupportedInterfaceOrientations_iPhone = "UIInterfaceOrientationPortrait UIInterfaceOrientationLandscapeLeft UIInterfaceOrientationLandscapeRight";
				IPHONEOS_DEPLOYMENT_TARGET = 17.0;
				LD_RUNPATH_SEARCH_PATHS = (
					"$(inherited)",
					"@executable_path/Frameworks",
				);
				MARKETING_VERSION = 1.0;
				PRODUCT_BUNDLE_IDENTIFIER = viniciusgibran.CurrencyConverter;
				PRODUCT_NAME = "$(TARGET_NAME)";
				SWIFT_EMIT_LOC_STRINGS = YES;
				SWIFT_VERSION = 5.0;
				TARGETED_DEVICE_FAMILY = "1,2";
			};
			name = Release;
		};
		913B7BDE2C60312D003E6D5A /* Debug */ = {
			isa = XCBuildConfiguration;
			buildSettings = {
				ALWAYS_EMBED_SWIFT_STANDARD_LIBRARIES = YES;
				BUNDLE_LOADER = "$(TEST_HOST)";
				CODE_SIGN_STYLE = Automatic;
				CURRENT_PROJECT_VERSION = 1;
				DEVELOPMENT_TEAM = GDBMB7F46R;
				GENERATE_INFOPLIST_FILE = YES;
				IPHONEOS_DEPLOYMENT_TARGET = 17.5;
				MARKETING_VERSION = 1.0;
				PRODUCT_BUNDLE_IDENTIFIER = viniciusgibran.CurrencyConverterTests;
				PRODUCT_NAME = "$(TARGET_NAME)";
				SWIFT_EMIT_LOC_STRINGS = NO;
				SWIFT_VERSION = 5.0;
				TARGETED_DEVICE_FAMILY = "1,2";
				TEST_HOST = "$(BUILT_PRODUCTS_DIR)/CurrencyConverter.app/$(BUNDLE_EXECUTABLE_FOLDER_PATH)/CurrencyConverter";
			};
			name = Debug;
		};
		913B7BDF2C60312D003E6D5A /* Release */ = {
			isa = XCBuildConfiguration;
			buildSettings = {
				ALWAYS_EMBED_SWIFT_STANDARD_LIBRARIES = YES;
				BUNDLE_LOADER = "$(TEST_HOST)";
				CODE_SIGN_STYLE = Automatic;
				CURRENT_PROJECT_VERSION = 1;
				DEVELOPMENT_TEAM = GDBMB7F46R;
				GENERATE_INFOPLIST_FILE = YES;
				IPHONEOS_DEPLOYMENT_TARGET = 17.5;
				MARKETING_VERSION = 1.0;
				PRODUCT_BUNDLE_IDENTIFIER = viniciusgibran.CurrencyConverterTests;
				PRODUCT_NAME = "$(TARGET_NAME)";
				SWIFT_EMIT_LOC_STRINGS = NO;
				SWIFT_VERSION = 5.0;
				TARGETED_DEVICE_FAMILY = "1,2";
				TEST_HOST = "$(BUILT_PRODUCTS_DIR)/CurrencyConverter.app/$(BUNDLE_EXECUTABLE_FOLDER_PATH)/CurrencyConverter";
			};
			name = Release;
		};
		913B7BE12C60312D003E6D5A /* Debug */ = {
			isa = XCBuildConfiguration;
			buildSettings = {
				ALWAYS_EMBED_SWIFT_STANDARD_LIBRARIES = YES;
				CODE_SIGN_STYLE = Automatic;
				CURRENT_PROJECT_VERSION = 1;
				DEVELOPMENT_TEAM = GDBMB7F46R;
				GENERATE_INFOPLIST_FILE = YES;
				MARKETING_VERSION = 1.0;
				PRODUCT_BUNDLE_IDENTIFIER = viniciusgibran.CurrencyConverterUITests;
				PRODUCT_NAME = "$(TARGET_NAME)";
				SWIFT_EMIT_LOC_STRINGS = NO;
				SWIFT_VERSION = 5.0;
				TARGETED_DEVICE_FAMILY = "1,2";
				TEST_TARGET_NAME = CurrencyConverter;
			};
			name = Debug;
		};
		913B7BE22C60312D003E6D5A /* Release */ = {
			isa = XCBuildConfiguration;
			buildSettings = {
				ALWAYS_EMBED_SWIFT_STANDARD_LIBRARIES = YES;
				CODE_SIGN_STYLE = Automatic;
				CURRENT_PROJECT_VERSION = 1;
				DEVELOPMENT_TEAM = GDBMB7F46R;
				GENERATE_INFOPLIST_FILE = YES;
				MARKETING_VERSION = 1.0;
				PRODUCT_BUNDLE_IDENTIFIER = viniciusgibran.CurrencyConverterUITests;
				PRODUCT_NAME = "$(TARGET_NAME)";
				SWIFT_EMIT_LOC_STRINGS = NO;
				SWIFT_VERSION = 5.0;
				TARGETED_DEVICE_FAMILY = "1,2";
				TEST_TARGET_NAME = CurrencyConverter;
			};
			name = Release;
		};
		913B7C552C611824003E6D5A /* Debug */ = {
			isa = XCBuildConfiguration;
			buildSettings = {
				ALWAYS_EMBED_SWIFT_STANDARD_LIBRARIES = YES;
				CODE_SIGN_STYLE = Automatic;
				CURRENT_PROJECT_VERSION = 1;
				DEVELOPMENT_TEAM = GDBMB7F46R;
				GENERATE_INFOPLIST_FILE = YES;
				MARKETING_VERSION = 1.0;
				PRODUCT_BUNDLE_IDENTIFIER = com.sit.hmessenger.hmessenger.ExchangeRatesTests;
				PRODUCT_NAME = "$(TARGET_NAME)";
				SWIFT_EMIT_LOC_STRINGS = NO;
				SWIFT_VERSION = 5.0;
				TARGETED_DEVICE_FAMILY = "1,2";
				TEST_HOST = "$(BUILT_PRODUCTS_DIR)/CurrencyConverterApp.app/$(BUNDLE_EXECUTABLE_FOLDER_PATH)/CurrencyConverterApp";
			};
			name = Debug;
		};
		913B7C562C611824003E6D5A /* Release */ = {
			isa = XCBuildConfiguration;
			buildSettings = {
				ALWAYS_EMBED_SWIFT_STANDARD_LIBRARIES = YES;
				CODE_SIGN_STYLE = Automatic;
				CURRENT_PROJECT_VERSION = 1;
				DEVELOPMENT_TEAM = GDBMB7F46R;
				GENERATE_INFOPLIST_FILE = YES;
				MARKETING_VERSION = 1.0;
				PRODUCT_BUNDLE_IDENTIFIER = com.sit.hmessenger.hmessenger.ExchangeRatesTests;
				PRODUCT_NAME = "$(TARGET_NAME)";
				SWIFT_EMIT_LOC_STRINGS = NO;
				SWIFT_VERSION = 5.0;
				TARGETED_DEVICE_FAMILY = "1,2";
				TEST_HOST = "$(BUILT_PRODUCTS_DIR)/CurrencyConverterApp.app/$(BUNDLE_EXECUTABLE_FOLDER_PATH)/CurrencyConverterApp";
			};
			name = Release;
		};
/* End XCBuildConfiguration section */

/* Begin XCConfigurationList section */
		913B7BAC2C60312B003E6D5A /* Build configuration list for PBXProject "CurrencyConverter" */ = {
			isa = XCConfigurationList;
			buildConfigurations = (
				913B7BD82C60312D003E6D5A /* Debug */,
				913B7BD92C60312D003E6D5A /* Release */,
			);
			defaultConfigurationIsVisible = 0;
			defaultConfigurationName = Release;
		};
		913B7BDA2C60312D003E6D5A /* Build configuration list for PBXNativeTarget "CurrencyConverter" */ = {
			isa = XCConfigurationList;
			buildConfigurations = (
				913B7BDB2C60312D003E6D5A /* Debug */,
				913B7BDC2C60312D003E6D5A /* Release */,
			);
			defaultConfigurationIsVisible = 0;
			defaultConfigurationName = Release;
		};
		913B7BDD2C60312D003E6D5A /* Build configuration list for PBXNativeTarget "CurrencyConverterTests" */ = {
			isa = XCConfigurationList;
			buildConfigurations = (
				913B7BDE2C60312D003E6D5A /* Debug */,
				913B7BDF2C60312D003E6D5A /* Release */,
			);
			defaultConfigurationIsVisible = 0;
			defaultConfigurationName = Release;
		};
		913B7BE02C60312D003E6D5A /* Build configuration list for PBXNativeTarget "CurrencyConverterUITests" */ = {
			isa = XCConfigurationList;
			buildConfigurations = (
				913B7BE12C60312D003E6D5A /* Debug */,
				913B7BE22C60312D003E6D5A /* Release */,
			);
			defaultConfigurationIsVisible = 0;
			defaultConfigurationName = Release;
		};
		913B7C542C611824003E6D5A /* Build configuration list for PBXNativeTarget "ExchangeRatesTests" */ = {
			isa = XCConfigurationList;
			buildConfigurations = (
				913B7C552C611824003E6D5A /* Debug */,
				913B7C562C611824003E6D5A /* Release */,
			);
			defaultConfigurationIsVisible = 0;
			defaultConfigurationName = Release;
		};
/* End XCConfigurationList section */

/* Begin XCVersionGroup section */
		913B7BBF2C60312D003E6D5A /* CurrencyConverter.xcdatamodeld */ = {
			isa = XCVersionGroup;
			children = (
				913B7BC02C60312D003E6D5A /* CurrencyConverter.xcdatamodel */,
			);
			currentVersion = 913B7BC02C60312D003E6D5A /* CurrencyConverter.xcdatamodel */;
			path = CurrencyConverter.xcdatamodeld;
			sourceTree = "<group>";
			versionGroupType = wrapper.xcdatamodel;
		};
/* End XCVersionGroup section */
	};
	rootObject = 913B7BA92C60312B003E6D5A /* Project object */;
}
